
Microsoft Visual Studio Solution File, Format Version 12.00
# Visual Studio Version 17
Project("{2150E333-8FDC-42A3-9474-1A3956D46DE8}") = "CMakePredefinedTargets", "CMakePredefinedTargets", "{44187A29-043A-3349-9C7A-A2EF8613908F}"
EndProject
Project("{2150E333-8FDC-42A3-9474-1A3956D46DE8}") = "CTestDashboardTargets", "CTestDashboardTargets", "{BD6F01FB-F59D-3927-BA1E-41FDEFC5F6B3}"
EndProject
Project("{8BC9CEB8-8B4A-11D0-8D11-00A0C91BC942}") = "ALL_BUILD", "ALL_BUILD.vcxproj", "{D99999C7-6399-3E1E-8279-1C6F478AF220}"
	ProjectSection(ProjectDependencies) = postProject
		{39311B58-D563-3C13-8534-25A742F6EF12} = {39311B58-D563-3C13-8534-25A742F6EF12}
		{2E07ADD6-7E1F-3C33-AB55-C55056929C08} = {2E07ADD6-7E1F-3C33-AB55-C55056929C08}
	EndProjectSection
EndProject
Project("{8BC9CEB8-8B4A-11D0-8D11-00A0C91BC942}") = "Continuous", "Continuous.vcxproj", "{6D59B4CE-8510-385B-BC76-C66926ECF1A7}"
	ProjectSection(ProjectDependencies) = postProject
		{39311B58-D563-3C13-8534-25A742F6EF12} = {39311B58-D563-3C13-8534-25A742F6EF12}
	EndProjectSection
EndProject
Project("{8BC9CEB8-8B4A-11D0-8D11-00A0C91BC942}") = "Experimental", "Experimental.vcxproj", "{88530DC2-4B4C-34FD-9716-7AC26115BE21}"
	ProjectSection(ProjectDependencies) = postProject
		{39311B58-D563-3C13-8534-25A742F6EF12} = {39311B58-D563-3C13-8534-25A742F6EF12}
	EndProjectSection
EndProject
Project("{8BC9CEB8-8B4A-11D0-8D11-00A0C91BC942}") = "INSTALL", "INSTALL.vcxproj", "{EA6D13AD-74AA-34F9-AAF1-476BBA1C752B}"
	ProjectSection(ProjectDependencies) = postProject
		{D99999C7-6399-3E1E-8279-1C6F478AF220} = {D99999C7-6399-3E1E-8279-1C6F478AF220}
		{39311B58-D563-3C13-8534-25A742F6EF12} = {39311B58-D563-3C13-8534-25A742F6EF12}
	EndProjectSection
EndProject
Project("{8BC9CEB8-8B4A-11D0-8D11-00A0C91BC942}") = "Nightly", "Nightly.vcxproj", "{0E0F1352-5DFD-36BE-A47F-D0079D4BF9F7}"
	ProjectSection(ProjectDependencies) = postProject
		{39311B58-D563-3C13-8534-25A742F6EF12} = {39311B58-D563-3C13-8534-25A742F6EF12}
	EndProjectSection
EndProject
Project("{8BC9CEB8-8B4A-11D0-8D11-00A0C91BC942}") = "NightlyMemoryCheck", "NightlyMemoryCheck.vcxproj", "{205879F7-ACFA-3456-81F2-5B540A79E409}"
	ProjectSection(ProjectDependencies) = postProject
		{39311B58-D563-3C13-8534-25A742F6EF12} = {39311B58-D563-3C13-8534-25A742F6EF12}
	EndProjectSection
EndProject
Project("{8BC9CEB8-8B4A-11D0-8D11-00A0C91BC942}") = "ZERO_CHECK", "..\..\\ZERO_CHECK.vcxproj", "{39311B58-D563-3C13-8534-25A742F6EF12}"
	ProjectSection(ProjectDependencies) = postProject
	EndProjectSection
EndProject
Project("{8BC9CEB8-8B4A-11D0-8D11-00A0C91BC942}") = "pugixml-static", "pugixml-static.vcxproj", "{2E07ADD6-7E1F-3C33-AB55-C55056929C08}"
	ProjectSection(ProjectDependencies) = postProject
		{39311B58-D563-3C13-8534-25A742F6EF12} = {39311B58-D563-3C13-8534-25A742F6EF12}
	EndProjectSection
EndProject
Global
	GlobalSection(SolutionConfigurationPlatforms) = preSolution
		Debug|x64 = Debug|x64
		Release|x64 = Release|x64
		MinSizeRel|x64 = MinSizeRel|x64
		RelWithDebInfo|x64 = RelWithDebInfo|x64
	EndGlobalSection
	GlobalSection(ProjectConfigurationPlatforms) = postSolution
		{D99999C7-6399-3E1E-8279-1C6F478AF220}.Debug|x64.ActiveCfg = Debug|x64
		{D99999C7-6399-3E1E-8279-1C6F478AF220}.Debug|x64.Build.0 = Debug|x64
		{D99999C7-6399-3E1E-8279-1C6F478AF220}.Release|x64.ActiveCfg = Release|x64
		{D99999C7-6399-3E1E-8279-1C6F478AF220}.Release|x64.Build.0 = Release|x64
		{D99999C7-6399-3E1E-8279-1C6F478AF220}.MinSizeRel|x64.ActiveCfg = MinSizeRel|x64
		{D99999C7-6399-3E1E-8279-1C6F478AF220}.MinSizeRel|x64.Build.0 = MinSizeRel|x64
		{D99999C7-6399-3E1E-8279-1C6F478AF220}.RelWithDebInfo|x64.ActiveCfg = RelWithDebInfo|x64
		{D99999C7-6399-3E1E-8279-1C6F478AF220}.RelWithDebInfo|x64.Build.0 = RelWithDebInfo|x64
		{6D59B4CE-8510-385B-BC76-C66926ECF1A7}.Debug|x64.ActiveCfg = Debug|x64
		{6D59B4CE-8510-385B-BC76-C66926ECF1A7}.Release|x64.ActiveCfg = Release|x64
		{6D59B4CE-8510-385B-BC76-C66926ECF1A7}.MinSizeRel|x64.ActiveCfg = MinSizeRel|x64
		{6D59B4CE-8510-385B-BC76-C66926ECF1A7}.RelWithDebInfo|x64.ActiveCfg = RelWithDebInfo|x64
		{88530DC2-4B4C-34FD-9716-7AC26115BE21}.Debug|x64.ActiveCfg = Debug|x64
		{88530DC2-4B4C-34FD-9716-7AC26115BE21}.Release|x64.ActiveCfg = Release|x64
		{88530DC2-4B4C-34FD-9716-7AC26115BE21}.MinSizeRel|x64.ActiveCfg = MinSizeRel|x64
		{88530DC2-4B4C-34FD-9716-7AC26115BE21}.RelWithDebInfo|x64.ActiveCfg = RelWithDebInfo|x64
		{EA6D13AD-74AA-34F9-AAF1-476BBA1C752B}.Debug|x64.ActiveCfg = Debug|x64
		{EA6D13AD-74AA-34F9-AAF1-476BBA1C752B}.Release|x64.ActiveCfg = Release|x64
		{EA6D13AD-74AA-34F9-AAF1-476BBA1C752B}.MinSizeRel|x64.ActiveCfg = MinSizeRel|x64
		{EA6D13AD-74AA-34F9-AAF1-476BBA1C752B}.RelWithDebInfo|x64.ActiveCfg = RelWithDebInfo|x64
		{0E0F1352-5DFD-36BE-A47F-D0079D4BF9F7}.Debug|x64.ActiveCfg = Debug|x64
		{0E0F1352-5DFD-36BE-A47F-D0079D4BF9F7}.Release|x64.ActiveCfg = Release|x64
		{0E0F1352-5DFD-36BE-A47F-D0079D4BF9F7}.MinSizeRel|x64.ActiveCfg = MinSizeRel|x64
		{0E0F1352-5DFD-36BE-A47F-D0079D4BF9F7}.RelWithDebInfo|x64.ActiveCfg = RelWithDebInfo|x64
		{205879F7-ACFA-3456-81F2-5B540A79E409}.Debug|x64.ActiveCfg = Debug|x64
		{205879F7-ACFA-3456-81F2-5B540A79E409}.Release|x64.ActiveCfg = Release|x64
		{205879F7-ACFA-3456-81F2-5B540A79E409}.MinSizeRel|x64.ActiveCfg = MinSizeRel|x64
		{205879F7-ACFA-3456-81F2-5B540A79E409}.RelWithDebInfo|x64.ActiveCfg = RelWithDebInfo|x64
		{39311B58-D563-3C13-8534-25A742F6EF12}.Debug|x64.ActiveCfg = Debug|x64
		{39311B58-D563-3C13-8534-25A742F6EF12}.Debug|x64.Build.0 = Debug|x64
		{39311B58-D563-3C13-8534-25A742F6EF12}.Release|x64.ActiveCfg = Release|x64
		{39311B58-D563-3C13-8534-25A742F6EF12}.Release|x64.Build.0 = Release|x64
		{39311B58-D563-3C13-8534-25A742F6EF12}.MinSizeRel|x64.ActiveCfg = MinSizeRel|x64
		{39311B58-D563-3C13-8534-25A742F6EF12}.MinSizeRel|x64.Build.0 = MinSizeRel|x64
		{39311B58-D563-3C13-8534-25A742F6EF12}.RelWithDebInfo|x64.ActiveCfg = RelWithDebInfo|x64
		{39311B58-D563-3C13-8534-25A742F6EF12}.RelWithDebInfo|x64.Build.0 = RelWithDebInfo|x64
		{2E07ADD6-7E1F-3C33-AB55-C55056929C08}.Debug|x64.ActiveCfg = Debug|x64
		{2E07ADD6-7E1F-3C33-AB55-C55056929C08}.Debug|x64.Build.0 = Debug|x64
		{2E07ADD6-7E1F-3C33-AB55-C55056929C08}.Release|x64.ActiveCfg = Release|x64
		{2E07ADD6-7E1F-3C33-AB55-C55056929C08}.Release|x64.Build.0 = Release|x64
		{2E07ADD6-7E1F-3C33-AB55-C55056929C08}.MinSizeRel|x64.ActiveCfg = MinSizeRel|x64
		{2E07ADD6-7E1F-3C33-AB55-C55056929C08}.MinSizeRel|x64.Build.0 = MinSizeRel|x64
		{2E07ADD6-7E1F-3C33-AB55-C55056929C08}.RelWithDebInfo|x64.ActiveCfg = RelWithDebInfo|x64
		{2E07ADD6-7E1F-3C33-AB55-C55056929C08}.RelWithDebInfo|x64.Build.0 = RelWithDebInfo|x64
	EndGlobalSection
	GlobalSection(NestedProjects) = preSolution
		{D99999C7-6399-3E1E-8279-1C6F478AF220} = {44187A29-043A-3349-9C7A-A2EF8613908F}
		{EA6D13AD-74AA-34F9-AAF1-476BBA1C752B} = {44187A29-043A-3349-9C7A-A2EF8613908F}
		{39311B58-D563-3C13-8534-25A742F6EF12} = {44187A29-043A-3349-9C7A-A2EF8613908F}
		{6D59B4CE-8510-385B-BC76-C66926ECF1A7} = {BD6F01FB-F59D-3927-BA1E-41FDEFC5F6B3}
		{88530DC2-4B4C-34FD-9716-7AC26115BE21} = {BD6F01FB-F59D-3927-BA1E-41FDEFC5F6B3}
		{0E0F1352-5DFD-36BE-A47F-D0079D4BF9F7} = {BD6F01FB-F59D-3927-BA1E-41FDEFC5F6B3}
		{205879F7-ACFA-3456-81F2-5B540A79E409} = {BD6F01FB-F59D-3927-BA1E-41FDEFC5F6B3}
	EndGlobalSection
	GlobalSection(ExtensibilityGlobals) = postSolution
		SolutionGuid = {68070AC8-64CE-3A4B-B569-DD7AC3130C6D}
	EndGlobalSection
	GlobalSection(ExtensibilityAddIns) = postSolution
	EndGlobalSection
EndGlobal
